// !$*UTF8*$!
{
	archiveVersion = 1;
	classes = {
	};
	objectVersion = 46;
	objects = {

/* Begin PBXGroup section */
		73DCADDD194B7ECE00696409 = {
			isa = PBXGroup;
			children = (
			);
			sourceTree = "<group>";
		};
/* End PBXGroup section */

/* Begin PBXProject section */
		73DCADDE194B7ECE00696409 /* Project object */ = {
			isa = PBXProject;
			attributes = {
				LastUpgradeCheck = 0600;
			};
			buildConfigurationList = 73DCADE1194B7ECE00696409 /* Build configuration list for PBXProject "SocketIO" */;
			compatibilityVersion = "Xcode 3.2";
			developmentRegion = English;
			hasScannedForEncodings = 0;
			knownRegions = (
				en,
			);
			mainGroup = 73DCADDD194B7ECE00696409;
			projectDirPath = "";
			projectRoot = "";
			targets = (
			);
		};
/* End PBXProject section */

/* Begin XCBuildConfiguration section */
		73DCADE2194B7ECE00696409 /* Debug */ = {
			isa = XCBuildConfiguration;
			buildSettings = {
			};
			name = Debug;
		};
		73DCADE3194B7ECE00696409 /* Release */ = {
			isa = XCBuildConfiguration;
			buildSettings = {
			};
			name = Release;
		};
/* End XCBuildConfiguration section */

/* Begin XCConfigurationList section */
		73DCADE1194B7ECE00696409 /* Build configuration list for PBXProject "SocketIO" */ = {
			isa = XCConfigurationList;
			buildConfigurations = (
				73DCADE2194B7ECE00696409 /* Debug */,
				73DCADE3194B7ECE00696409 /* Release */,
			);
			defaultConfigurationIsVisible = 0;
			defaultConfigurationName = Release;
		};
/* End XCConfigurationList section */
	};
	rootObject = 73DCADDE194B7ECE00696409 /* Project object */;
}
